
Microsoft Visual Studio Solution File, Format Version 12.00
# Visual Studio Version 17
VisualStudioVersion = 17.0.32014.148
MinimumVisualStudioVersion = 10.0.40219.1
Project("{9A19103F-16F7-4668-BE54-9A1E7A4F7556}") = "webserver", "webserver\webserver.csproj", "{0CB81076-0A73-4529-9ABF-D1AD9121289B}"
EndProject
Global
	GlobalSection(SolutionConfigurationPlatforms) = preSolution
		Debug|Any CPU = Debug|Any CPU
		Release|Any CPU = Release|Any CPU
	EndGlobalSection
	GlobalSection(ProjectConfigurationPlatforms) = postSolution
		{0CB81076-0A73-4529-9ABF-D1AD9121289B}.Debug|Any CPU.ActiveCfg = Debug|Any CPU
		{0CB81076-0A73-4529-9ABF-D1AD9121289B}.Debug|Any CPU.Build.0 = Debug|Any CPU
		{0CB81076-0A73-4529-9ABF-D1AD9121289B}.Release|Any CPU.ActiveCfg = Release|Any CPU
		{0CB81076-0A73-4529-9ABF-D1AD9121289B}.Release|Any CPU.Build.0 = Release|Any CPU
	EndGlobalSection
	GlobalSection(SolutionProperties) = preSolution
		HideSolutionNode = FALSE
	EndGlobalSection
	GlobalSection(ExtensibilityGlobals) = postSolution
		SolutionGuid = {BC20BF42-D8AF-44D3-93DA-2F30976FE108}
	EndGlobalSection
EndGlobal
